
Microsoft Visual Studio Solution File, Format Version 12.00
# Visual Studio Version 16
VisualStudioVersion = 16.0.30320.27
MinimumVisualStudioVersion = 15.0.26124.0
Project("{9A19103F-16F7-4668-BE54-9A1E7A4F7556}") = "Core", "Core\Core.csproj", "{11F88EB3-C5B5-4FBD-B0C1-8C9F8DEBBF14}"
EndProject
Global
	GlobalSection(SolutionConfigurationPlatforms) = preSolution
		Debug|Any CPU = Debug|Any CPU
		Debug|x64 = Debug|x64
		Debug|x86 = Debug|x86
		Release|Any CPU = Release|Any CPU
		Release|x64 = Release|x64
		Release|x86 = Release|x86
	EndGlobalSection
	GlobalSection(ProjectConfigurationPlatforms) = postSolution
		{11F88EB3-C5B5-4FBD-B0C1-8C9F8DEBBF14}.Debug|Any CPU.ActiveCfg = Debug|Any CPU
		{11F88EB3-C5B5-4FBD-B0C1-8C9F8DEBBF14}.Debug|Any CPU.Build.0 = Debug|Any CPU
		{11F88EB3-C5B5-4FBD-B0C1-8C9F8DEBBF14}.Debug|x64.ActiveCfg = Debug|Any CPU
		{11F88EB3-C5B5-4FBD-B0C1-8C9F8DEBBF14}.Debug|x64.Build.0 = Debug|Any CPU
		{11F88EB3-C5B5-4FBD-B0C1-8C9F8DEBBF14}.Debug|x86.ActiveCfg = Debug|Any CPU
		{11F88EB3-C5B5-4FBD-B0C1-8C9F8DEBBF14}.Debug|x86.Build.0 = Debug|Any CPU
		{11F88EB3-C5B5-4FBD-B0C1-8C9F8DEBBF14}.Release|Any CPU.ActiveCfg = Release|Any CPU
		{11F88EB3-C5B5-4FBD-B0C1-8C9F8DEBBF14}.Release|Any CPU.Build.0 = Release|Any CPU
		{11F88EB3-C5B5-4FBD-B0C1-8C9F8DEBBF14}.Release|x64.ActiveCfg = Release|Any CPU
		{11F88EB3-C5B5-4FBD-B0C1-8C9F8DEBBF14}.Release|x64.Build.0 = Release|Any CPU
		{11F88EB3-C5B5-4FBD-B0C1-8C9F8DEBBF14}.Release|x86.ActiveCfg = Release|Any CPU
		{11F88EB3-C5B5-4FBD-B0C1-8C9F8DEBBF14}.Release|x86.Build.0 = Release|Any CPU
	EndGlobalSection
	GlobalSection(SolutionProperties) = preSolution
		HideSolutionNode = FALSE
	EndGlobalSection
	GlobalSection(ExtensibilityGlobals) = postSolution
		SolutionGuid = {B0616120-F60F-48F9-B5A0-74732B755E57}
	EndGlobalSection
EndGlobal
